
Microsoft Visual Studio Solution File, Format Version 12.00
# Visual Studio 15
VisualStudioVersion = 15.0.28010.2026
MinimumVisualStudioVersion = 10.0.40219.1
Project("{FAE04EC0-301F-11D3-BF4B-00C04F79EFBC}") = "Delaval.sis.Win", "Delaval.sis.Win\Delaval.sis.Win.csproj", "{6DF05C1C-0F9F-4388-80F0-C9481995C781}"
EndProject
Project("{FAE04EC0-301F-11D3-BF4B-00C04F79EFBC}") = "Delaval.sis.Entity", "Delaval.sis.Entity\Delaval.sis.Entity.csproj", "{14ED7C42-79E0-404B-875F-1CC9F523E672}"
EndProject
Global
	GlobalSection(SolutionConfigurationPlatforms) = preSolution
		Debug|Any CPU = Debug|Any CPU
		Release|Any CPU = Release|Any CPU
	EndGlobalSection
	GlobalSection(ProjectConfigurationPlatforms) = postSolution
		{6DF05C1C-0F9F-4388-80F0-C9481995C781}.Debug|Any CPU.ActiveCfg = Debug|Any CPU
		{6DF05C1C-0F9F-4388-80F0-C9481995C781}.Debug|Any CPU.Build.0 = Debug|Any CPU
		{6DF05C1C-0F9F-4388-80F0-C9481995C781}.Release|Any CPU.ActiveCfg = Release|Any CPU
		{6DF05C1C-0F9F-4388-80F0-C9481995C781}.Release|Any CPU.Build.0 = Release|Any CPU
		{14ED7C42-79E0-404B-875F-1CC9F523E672}.Debug|Any CPU.ActiveCfg = Debug|Any CPU
		{14ED7C42-79E0-404B-875F-1CC9F523E672}.Debug|Any CPU.Build.0 = Debug|Any CPU
		{14ED7C42-79E0-404B-875F-1CC9F523E672}.Release|Any CPU.ActiveCfg = Release|Any CPU
		{14ED7C42-79E0-404B-875F-1CC9F523E672}.Release|Any CPU.Build.0 = Release|Any CPU
	EndGlobalSection
	GlobalSection(SolutionProperties) = preSolution
		HideSolutionNode = FALSE
	EndGlobalSection
	GlobalSection(ExtensibilityGlobals) = postSolution
		SolutionGuid = {C7417B3B-CFEE-483D-879C-BC54EAF03449}
	EndGlobalSection
EndGlobal
